
Microsoft Visual Studio Solution File, Format Version 12.00
# Visual Studio Version 17
VisualStudioVersion = 17.3.32929.385
MinimumVisualStudioVersion = 10.0.40219.1
Project("{FAE04EC0-301F-11D3-BF4B-00C04F79EFBC}") = "Model", "Model\Model.csproj", "{A5A2C045-062D-45E9-9C07-472E622B6B0C}"
EndProject
Project("{FAE04EC0-301F-11D3-BF4B-00C04F79EFBC}") = "ViewModel", "ViewModel\ViewModel.csproj", "{81A445CF-DEB6-4275-8AA6-57BC63F17487}"
EndProject
Global
	GlobalSection(SolutionConfigurationPlatforms) = preSolution
		Debug|Any CPU = Debug|Any CPU
		Release|Any CPU = Release|Any CPU
	EndGlobalSection
	GlobalSection(ProjectConfigurationPlatforms) = postSolution
		{A5A2C045-062D-45E9-9C07-472E622B6B0C}.Debug|Any CPU.ActiveCfg = Debug|Any CPU
		{A5A2C045-062D-45E9-9C07-472E622B6B0C}.Debug|Any CPU.Build.0 = Debug|Any CPU
		{A5A2C045-062D-45E9-9C07-472E622B6B0C}.Release|Any CPU.ActiveCfg = Release|Any CPU
		{A5A2C045-062D-45E9-9C07-472E622B6B0C}.Release|Any CPU.Build.0 = Release|Any CPU
		{81A445CF-DEB6-4275-8AA6-57BC63F17487}.Debug|Any CPU.ActiveCfg = Debug|Any CPU
		{81A445CF-DEB6-4275-8AA6-57BC63F17487}.Debug|Any CPU.Build.0 = Debug|Any CPU
		{81A445CF-DEB6-4275-8AA6-57BC63F17487}.Release|Any CPU.ActiveCfg = Release|Any CPU
		{81A445CF-DEB6-4275-8AA6-57BC63F17487}.Release|Any CPU.Build.0 = Release|Any CPU
	EndGlobalSection
	GlobalSection(SolutionProperties) = preSolution
		HideSolutionNode = FALSE
	EndGlobalSection
	GlobalSection(ExtensibilityGlobals) = postSolution
		SolutionGuid = {E319FB18-1DED-4627-92CF-4C9EDABC58E3}
	EndGlobalSection
EndGlobal
